
Microsoft Visual Studio Solution File, Format Version 12.00
Project("{FAE04EC0-301F-11D3-BF4B-00C04F79EFBC}") = "lab2.Orders", "lab2.Orders\lab2.Orders.csproj", "{98ECD644-B038-442C-BDA5-18E8E7AE5EE1}"
EndProject
Global
	GlobalSection(SolutionConfigurationPlatforms) = preSolution
		Debug|Any CPU = Debug|Any CPU
		Release|Any CPU = Release|Any CPU
	EndGlobalSection
	GlobalSection(ProjectConfigurationPlatforms) = postSolution
		{98ECD644-B038-442C-BDA5-18E8E7AE5EE1}.Debug|Any CPU.ActiveCfg = Debug|Any CPU
		{98ECD644-B038-442C-BDA5-18E8E7AE5EE1}.Debug|Any CPU.Build.0 = Debug|Any CPU
		{98ECD644-B038-442C-BDA5-18E8E7AE5EE1}.Release|Any CPU.ActiveCfg = Release|Any CPU
		{98ECD644-B038-442C-BDA5-18E8E7AE5EE1}.Release|Any CPU.Build.0 = Release|Any CPU
	EndGlobalSection
EndGlobal
